// !$*UTF8*$!
{
	archiveVersion = 1;
	classes = {
	};
	objectVersion = 46;
	objects = {

/* Begin PBXBuildFile section */
		FEEB7D051E6360C500C243AB /* AppDelegate.swift in Sources */ = {isa = PBXBuildFile; fileRef = FEEB7D041E6360C500C243AB /* AppDelegate.swift */; };
		FEEB7D071E6360C500C243AB /* ViewController.swift in Sources */ = {isa = PBXBuildFile; fileRef = FEEB7D061E6360C500C243AB /* ViewController.swift */; };
		FEEB7D0A1E6360C500C243AB /* Main.storyboard in Resources */ = {isa = PBXBuildFile; fileRef = FEEB7D081E6360C500C243AB /* Main.storyboard */; };
		FEEB7D0C1E6360C500C243AB /* Assets.xcassets in Resources */ = {isa = PBXBuildFile; fileRef = FEEB7D0B1E6360C500C243AB /* Assets.xcassets */; };
		FEEB7D0F1E6360C600C243AB /* LaunchScreen.storyboard in Resources */ = {isa = PBXBuildFile; fileRef = FEEB7D0D1E6360C600C243AB /* LaunchScreen.storyboard */; };
/* End PBXBuildFile section */

/* Begin PBXFileReference section */
		FEEB7D011E6360C500C243AB /* mindReader.app */ = {isa = PBXFileReference; explicitFileType = wrapper.application; includeInIndex = 0; path = mindReader.app; sourceTree = BUILT_PRODUCTS_DIR; };
		FEEB7D041E6360C500C243AB /* AppDelegate.swift */ = {isa = PBXFileReference; lastKnownFileType = sourcecode.swift; path = AppDelegate.swift; sourceTree = "<group>"; };
		FEEB7D061E6360C500C243AB /* ViewController.swift */ = {isa = PBXFileReference; lastKnownFileType = sourcecode.swift; path = ViewController.swift; sourceTree = "<group>"; };
		FEEB7D091E6360C500C243AB /* Base */ = {isa = PBXFileReference; lastKnownFileType = file.storyboard; name = Base; path = Base.lproj/Main.storyboard; sourceTree = "<group>"; };
		FEEB7D0B1E6360C500C243AB /* Assets.xcassets */ = {isa = PBXFileReference; lastKnownFileType = folder.assetcatalog; path = Assets.xcassets; sourceTree = "<group>"; };
		FEEB7D0E1E6360C600C243AB /* Base */ = {isa = PBXFileReference; lastKnownFileType = file.storyboard; name = Base; path = Base.lproj/LaunchScreen.storyboard; sourceTree = "<group>"; };
		FEEB7D101E6360C600C243AB /* Info.plist */ = {isa = PBXFileReference; lastKnownFileType = text.plist.xml; path = Info.plist; sourceTree = "<group>"; };
/* End PBXFileReference section */

/* Begin PBXFrameworksBuildPhase section */
		FEEB7CFE1E6360C500C243AB /* Frameworks */ = {
			isa = PBXFrameworksBuildPhase;
			buildActionMask = 2147483647;
			files = (
			);
			runOnlyForDeploymentPostprocessing = 0;
		};
/* End PBXFrameworksBuildPhase section */

/* Begin PBXGroup section */
		FEEB7CF81E6360C500C243AB = {
			isa = PBXGroup;
			children = (
				FEEB7D031E6360C500C243AB /* mindReader */,
				FEEB7D021E6360C500C243AB /* Products */,
			);
			sourceTree = "<group>";
		};
		FEEB7D021E6360C500C243AB /* Products */ = {
			isa = PBXGroup;
			children = (
				FEEB7D011E6360C500C243AB /* mindReader.app */,
			);
			name = Products;
			sourceTree = "<group>";
		};
		FEEB7D031E6360C500C243AB /* mindReader */ = {
			isa = PBXGroup;
			children = (
				FEEB7D041E6360C500C243AB /* AppDelegate.swift */,
				FEEB7D061E6360C500C243AB /* ViewController.swift */,
				FEEB7D081E6360C500C243AB /* Main.storyboard */,
				FEEB7D0B1E6360C500C243AB /* Assets.xcassets */,
				FEEB7D0D1E6360C600C243AB /* LaunchScreen.storyboard */,
				FEEB7D101E6360C600C243AB /* Info.plist */,
			);
			path = mindReader;
			sourceTree = "<group>";
		};
/* End PBXGroup section */

/* Begin PBXNativeTarget section */
		FEEB7D001E6360C500C243AB /* mindReader */ = {
			isa = PBXNativeTarget;
			buildConfigurationList = FEEB7D131E6360C600C243AB /* Build configuration list for PBXNativeTarget "mindReader" */;
			buildPhases = (
				FEEB7CFD1E6360C500C243AB /* Sources */,
				FEEB7CFE1E6360C500C243AB /* Frameworks */,
				FEEB7CFF1E6360C500C243AB /* Resources */,
			);
			buildRules = (
			);
			dependencies = (
			);
			name = mindReader;
			productName = mindReader;
			productReference = FEEB7D011E6360C500C243AB /* mindReader.app */;
			productType = "com.apple.product-type.application";
		};
/* End PBXNativeTarget section */

/* Begin PBXProject section */
		FEEB7CF91E6360C500C243AB /* Project object */ = {
			isa = PBXProject;
			attributes = {
				LastSwiftUpdateCheck = 0820;
				LastUpgradeCheck = 0820;
				ORGANIZATIONNAME = simplyAmazingMachines;
				TargetAttributes = {
					FEEB7D001E6360C500C243AB = {
						CreatedOnToolsVersion = 8.2;
						DevelopmentTeam = 4LBT7283WA;
						ProvisioningStyle = Automatic;
					};
				};
			};
			buildConfigurationList = FEEB7CFC1E6360C500C243AB /* Build configuration list for PBXProject "mindReader" */;
			compatibilityVersion = "Xcode 3.2";
			developmentRegion = English;
			hasScannedForEncodings = 0;
			knownRegions = (
				en,
				Base,
			);
			mainGroup = FEEB7CF81E6360C500C243AB;
			productRefGroup = FEEB7D021E6360C500C243AB /* Products */;
			projectDirPath = "";
			projectRoot = "";
			targets = (
				FEEB7D001E6360C500C243AB /* mindReader */,
			);
		};
/* End PBXProject section */

/* Begin PBXResourcesBuildPhase section */
		FEEB7CFF1E6360C500C243AB /* Resources */ = {
			isa = PBXResourcesBuildPhase;
			buildActionMask = 2147483647;
			files = (
				FEEB7D0F1E6360C600C243AB /* LaunchScreen.storyboard in Resources */,
				FEEB7D0C1E6360C500C243AB /* Assets.xcassets in Resources */,
				FEEB7D0A1E6360C500C243AB /* Main.storyboard in Resources */,
			);
			runOnlyForDeploymentPostprocessing = 0;
		};
/* End PBXResourcesBuildPhase section */

/* Begin PBXSourcesBuildPhase section */
		FEEB7CFD1E6360C500C243AB /* Sources */ = {
			isa = PBXSourcesBuildPhase;
			buildActionMask = 2147483647;
			files = (
				FEEB7D071E6360C500C243AB /* ViewController.swift in Sources */,
				FEEB7D051E6360C500C243AB /* AppDelegate.swift in Sources */,
			);
			runOnlyForDeploymentPostprocessing = 0;
		};
/* End PBXSourcesBuildPhase section */

/* Begin PBXVariantGroup section */
		FEEB7D081E6360C500C243AB /* Main.storyboard */ = {
			isa = PBXVariantGroup;
			children = (
				FEEB7D091E6360C500C243AB /* Base */,
			);
			name = Main.storyboard;
			sourceTree = "<group>";
		};
		FEEB7D0D1E6360C600C243AB /* LaunchScreen.storyboard */ = {
			isa = PBXVariantGroup;
			children = (
				FEEB7D0E1E6360C600C243AB /* Base */,
			);
			name = LaunchScreen.storyboard;
			sourceTree = "<group>";
		};
/* End PBXVariantGroup section */

/* Begin XCBuildConfiguration section */
		FEEB7D111E6360C600C243AB /* Debug */ = {
			isa = XCBuildConfiguration;
			buildSettings = {
				ALWAYS_SEARCH_USER_PATHS = NO;
				CLANG_ANALYZER_NONNULL = YES;
				CLANG_CXX_LANGUAGE_STANDARD = "gnu++0x";
				CLANG_CXX_LIBRARY = "libc++";
				CLANG_ENABLE_MODULES = YES;
				CLANG_ENABLE_OBJC_ARC = YES;
				CLANG_WARN_BOOL_CONVERSION = YES;
				CLANG_WARN_CONSTANT_CONVERSION = YES;
				CLANG_WARN_DIRECT_OBJC_ISA_USAGE = YES_ERROR;
				CLANG_WARN_DOCUMENTATION_COMMENTS = YES;
				CLANG_WARN_EMPTY_BODY = YES;
				CLANG_WARN_ENUM_CONVERSION = YES;
				CLANG_WARN_INFINITE_RECURSION = YES;
				CLANG_WARN_INT_CONVERSION = YES;
				CLANG_WARN_OBJC_ROOT_CLASS = YES_ERROR;
				CLANG_WARN_SUSPICIOUS_MOVE = YES;
				CLANG_WARN_UNREACHABLE_CODE = YES;
				CLANG_WARN__DUPLICATE_METHOD_MATCH = YES;
				"CODE_SIGN_IDENTITY[sdk=iphoneos*]" = "iPhone Developer";
				COPY_PHASE_STRIP = NO;
				DEBUG_INFORMATION_FORMAT = dwarf;
				ENABLE_STRICT_OBJC_MSGSEND = YES;
				ENABLE_TESTABILITY = YES;
				GCC_C_LANGUAGE_STANDARD = gnu99;
				GCC_DYNAMIC_NO_PIC = NO;
				GCC_NO_COMMON_BLOCKS = YES;
				GCC_OPTIMIZATION_LEVEL = 0;
				GCC_PREPROCESSOR_DEFINITIONS = (
					"DEBUG=1",
					"$(inherited)",
				);
				GCC_WARN_64_TO_32_BIT_CONVERSION = YES;
				GCC_WARN_ABOUT_RETURN_TYPE = YES_ERROR;
				GCC_WARN_UNDECLARED_SELECTOR = YES;
				GCC_WARN_UNINITIALIZED_AUTOS = YES_AGGRESSIVE;
				GCC_WARN_UNUSED_FUNCTION = YES;
				GCC_WARN_UNUSED_VARIABLE = YES;
				IPHONEOS_DEPLOYMENT_TARGET = 10.2;
				MTL_ENABLE_DEBUG_INFO = YES;
				ONLY_ACTIVE_ARCH = YES;
				SDKROOT = iphoneos;
				SWIFT_ACTIVE_COMPILATION_CONDITIONS = DEBUG;
				SWIFT_OPTIMIZATION_LEVEL = "-Onone";
				TARGETED_DEVICE_FAMILY = "1,2";
			};
			name = Debug;
		};
		FEEB7D121E6360C600C243AB /* Release */ = {
			isa = XCBuildConfiguration;
			buildSettings = {
				ALWAYS_SEARCH_USER_PATHS = NO;
				CLANG_ANALYZER_NONNULL = YES;
				CLANG_CXX_LANGUAGE_STANDARD = "gnu++0x";
				CLANG_CXX_LIBRARY = "libc++";
				CLANG_ENABLE_MODULES = YES;
				CLANG_ENABLE_OBJC_ARC = YES;
				CLANG_WARN_BOOL_CONVERSION = YES;
				CLANG_WARN_CONSTANT_CONVERSION = YES;
				CLANG_WARN_DIRECT_OBJC_ISA_USAGE = YES_ERROR;
				CLANG_WARN_DOCUMENTATION_COMMENTS = YES;
				CLANG_WARN_EMPTY_BODY = YES;
				CLANG_WARN_ENUM_CONVERSION = YES;
				CLANG_WARN_INFINITE_RECURSION = YES;
				CLANG_WARN_INT_CONVERSION = YES;
				CLANG_WARN_OBJC_ROOT_CLASS = YES_ERROR;
				CLANG_WARN_SUSPICIOUS_MOVE = YES;
				CLANG_WARN_UNREACHABLE_CODE = YES;
				CLANG_WARN__DUPLICATE_METHOD_MATCH = YES;
				"CODE_SIGN_IDENTITY[sdk=iphoneos*]" = "iPhone Developer";
				COPY_PHASE_STRIP = NO;
				DEBUG_INFORMATION_FORMAT = "dwarf-with-dsym";
				ENABLE_NS_ASSERTIONS = NO;
				ENABLE_STRICT_OBJC_MSGSEND = YES;
				GCC_C_LANGUAGE_STANDARD = gnu99;
				GCC_NO_COMMON_BLOCKS = YES;
				GCC_WARN_64_TO_32_BIT_CONVERSION = YES;
				GCC_WARN_ABOUT_RETURN_TYPE = YES_ERROR;
				GCC_WARN_UNDECLARED_SELECTOR = YES;
				GCC_WARN_UNINITIALIZED_AUTOS = YES_AGGRESSIVE;
				GCC_WARN_UNUSED_FUNCTION = YES;
				GCC_WARN_UNUSED_VARIABLE = YES;
				IPHONEOS_DEPLOYMENT_TARGET = 10.2;
				MTL_ENABLE_DEBUG_INFO = NO;
				SDKROOT = iphoneos;
				SWIFT_OPTIMIZATION_LEVEL = "-Owholemodule";
				TARGETED_DEVICE_FAMILY = "1,2";
				VALIDATE_PRODUCT = YES;
			};
			name = Release;
		};
		FEEB7D141E6360C600C243AB /* Debug */ = {
			isa = XCBuildConfiguration;
			buildSettings = {
				ASSETCATALOG_COMPILER_APPICON_NAME = AppIcon;
				DEVELOPMENT_TEAM = 4LBT7283WA;
				INFOPLIST_FILE = mindReader/Info.plist;
				LD_RUNPATH_SEARCH_PATHS = "$(inherited) @executable_path/Frameworks";
				PRODUCT_BUNDLE_IDENTIFIER = com.simple.mindReader;
				PRODUCT_NAME = "$(TARGET_NAME)";
				SWIFT_VERSION = 3.0;
			};
			name = Debug;
		};
		FEEB7D151E6360C600C243AB /* Release */ = {
			isa = XCBuildConfiguration;
			buildSettings = {
				ASSETCATALOG_COMPILER_APPICON_NAME = AppIcon;
				DEVELOPMENT_TEAM = 4LBT7283WA;
				INFOPLIST_FILE = mindReader/Info.plist;
				LD_RUNPATH_SEARCH_PATHS = "$(inherited) @executable_path/Frameworks";
				PRODUCT_BUNDLE_IDENTIFIER = com.simple.mindReader;
				PRODUCT_NAME = "$(TARGET_NAME)";
				SWIFT_VERSION = 3.0;
			};
			name = Release;
		};
/* End XCBuildConfiguration section */

/* Begin XCConfigurationList section */
		FEEB7CFC1E6360C500C243AB /* Build configuration list for PBXProject "mindReader" */ = {
			isa = XCConfigurationList;
			buildConfigurations = (
				FEEB7D111E6360C600C243AB /* Debug */,
				FEEB7D121E6360C600C243AB /* Release */,
			);
			defaultConfigurationIsVisible = 0;
			defaultConfigurationName = Release;
		};
		FEEB7D131E6360C600C243AB /* Build configuration list for PBXNativeTarget "mindReader" */ = {
			isa = XCConfigurationList;
			buildConfigurations = (
				FEEB7D141E6360C600C243AB /* Debug */,
				FEEB7D151E6360C600C243AB /* Release */,
			);
			defaultConfigurationIsVisible = 0;
		};
/* End XCConfigurationList section */
	};
	rootObject = FEEB7CF91E6360C500C243AB /* Project object */;
}
